
Microsoft Visual Studio Solution File, Format Version 12.00
# Visual Studio 2012
Project("{FAE04EC0-301F-11D3-BF4B-00C04F79EFBC}") = "iInjectFE", "iInjectFE\iInjectFE.csproj", "{38CCC87D-E1C9-488A-9C40-AB71E8876E57}"
EndProject
Project("{FAE04EC0-301F-11D3-BF4B-00C04F79EFBC}") = "iInject", "iInject\iInject.csproj", "{F157F07C-2EE5-4654-A833-E07B71EEE8A9}"
EndProject
Project("{FAE04EC0-301F-11D3-BF4B-00C04F79EFBC}") = "iInjectProviders", "iInjectProviders\iInjectProviders.csproj", "{E9AE5FED-43A3-4A67-8598-20C01C8BC39B}"
EndProject
Global
	GlobalSection(SolutionConfigurationPlatforms) = preSolution
		Debug|Any CPU = Debug|Any CPU
		Release|Any CPU = Release|Any CPU
	EndGlobalSection
	GlobalSection(ProjectConfigurationPlatforms) = postSolution
		{38CCC87D-E1C9-488A-9C40-AB71E8876E57}.Debug|Any CPU.ActiveCfg = Debug|Any CPU
		{38CCC87D-E1C9-488A-9C40-AB71E8876E57}.Debug|Any CPU.Build.0 = Debug|Any CPU
		{38CCC87D-E1C9-488A-9C40-AB71E8876E57}.Release|Any CPU.ActiveCfg = Release|Any CPU
		{38CCC87D-E1C9-488A-9C40-AB71E8876E57}.Release|Any CPU.Build.0 = Release|Any CPU
		{F157F07C-2EE5-4654-A833-E07B71EEE8A9}.Debug|Any CPU.ActiveCfg = Debug|Any CPU
		{F157F07C-2EE5-4654-A833-E07B71EEE8A9}.Debug|Any CPU.Build.0 = Debug|Any CPU
		{F157F07C-2EE5-4654-A833-E07B71EEE8A9}.Release|Any CPU.ActiveCfg = Release|Any CPU
		{F157F07C-2EE5-4654-A833-E07B71EEE8A9}.Release|Any CPU.Build.0 = Release|Any CPU
		{E9AE5FED-43A3-4A67-8598-20C01C8BC39B}.Debug|Any CPU.ActiveCfg = Debug|Any CPU
		{E9AE5FED-43A3-4A67-8598-20C01C8BC39B}.Debug|Any CPU.Build.0 = Debug|Any CPU
		{E9AE5FED-43A3-4A67-8598-20C01C8BC39B}.Release|Any CPU.ActiveCfg = Release|Any CPU
		{E9AE5FED-43A3-4A67-8598-20C01C8BC39B}.Release|Any CPU.Build.0 = Release|Any CPU
	EndGlobalSection
	GlobalSection(SolutionProperties) = preSolution
		HideSolutionNode = FALSE
	EndGlobalSection
EndGlobal
